
Microsoft Visual Studio Solution File, Format Version 12.00
# Visual Studio 15
VisualStudioVersion = 15.0.28307.168
MinimumVisualStudioVersion = 10.0.40219.1
Project("{FAE04EC0-301F-11D3-BF4B-00C04F79EFBC}") = "P1159", "P1159\P1159.csproj", "{2CEC0FD4-76C0-441C-9E56-D647A89D6F0C}"
EndProject
Global
	GlobalSection(SolutionConfigurationPlatforms) = preSolution
		Debug|Any CPU = Debug|Any CPU
		Release|Any CPU = Release|Any CPU
	EndGlobalSection
	GlobalSection(ProjectConfigurationPlatforms) = postSolution
		{2CEC0FD4-76C0-441C-9E56-D647A89D6F0C}.Debug|Any CPU.ActiveCfg = Debug|Any CPU
		{2CEC0FD4-76C0-441C-9E56-D647A89D6F0C}.Debug|Any CPU.Build.0 = Debug|Any CPU
		{2CEC0FD4-76C0-441C-9E56-D647A89D6F0C}.Release|Any CPU.ActiveCfg = Release|Any CPU
		{2CEC0FD4-76C0-441C-9E56-D647A89D6F0C}.Release|Any CPU.Build.0 = Release|Any CPU
	EndGlobalSection
	GlobalSection(SolutionProperties) = preSolution
		HideSolutionNode = FALSE
	EndGlobalSection
	GlobalSection(ExtensibilityGlobals) = postSolution
		SolutionGuid = {6284AA5A-334B-4873-B83A-B98F645E0E74}
	EndGlobalSection
EndGlobal
