
Microsoft Visual Studio Solution File, Format Version 12.00
# Visual Studio 15
VisualStudioVersion = 15.0.28307.168
MinimumVisualStudioVersion = 10.0.40219.1
Project("{FAE04EC0-301F-11D3-BF4B-00C04F79EFBC}") = "P1175", "P1175\P1175.csproj", "{9F8E7FA1-C24A-480A-B35C-306118D0CEFB}"
EndProject
Global
	GlobalSection(SolutionConfigurationPlatforms) = preSolution
		Debug|Any CPU = Debug|Any CPU
		Release|Any CPU = Release|Any CPU
	EndGlobalSection
	GlobalSection(ProjectConfigurationPlatforms) = postSolution
		{9F8E7FA1-C24A-480A-B35C-306118D0CEFB}.Debug|Any CPU.ActiveCfg = Debug|Any CPU
		{9F8E7FA1-C24A-480A-B35C-306118D0CEFB}.Debug|Any CPU.Build.0 = Debug|Any CPU
		{9F8E7FA1-C24A-480A-B35C-306118D0CEFB}.Release|Any CPU.ActiveCfg = Release|Any CPU
		{9F8E7FA1-C24A-480A-B35C-306118D0CEFB}.Release|Any CPU.Build.0 = Release|Any CPU
	EndGlobalSection
	GlobalSection(SolutionProperties) = preSolution
		HideSolutionNode = FALSE
	EndGlobalSection
	GlobalSection(ExtensibilityGlobals) = postSolution
		SolutionGuid = {F178BE20-B01D-4E7E-AF70-31C70E81BDAA}
	EndGlobalSection
EndGlobal
